
Microsoft Visual Studio Solution File, Format Version 12.00
# Visual Studio Version 17
VisualStudioVersion = 17.2.32630.192
MinimumVisualStudioVersion = 10.0.40219.1
Project("{FAE04EC0-301F-11D3-BF4B-00C04F79EFBC}") = "GestionnaireDeMotsDePasse", "GestionnaireDeMotsDePasse\GestionnaireDeMotsDePasse.csproj", "{A5FC93A6-D3B9-4916-B217-83F61D6E9EED}"
EndProject
Global
	GlobalSection(SolutionConfigurationPlatforms) = preSolution
		Debug|Any CPU = Debug|Any CPU
		Release|Any CPU = Release|Any CPU
	EndGlobalSection
	GlobalSection(ProjectConfigurationPlatforms) = postSolution
		{A5FC93A6-D3B9-4916-B217-83F61D6E9EED}.Debug|Any CPU.ActiveCfg = Debug|Any CPU
		{A5FC93A6-D3B9-4916-B217-83F61D6E9EED}.Debug|Any CPU.Build.0 = Debug|Any CPU
		{A5FC93A6-D3B9-4916-B217-83F61D6E9EED}.Release|Any CPU.ActiveCfg = Release|Any CPU
		{A5FC93A6-D3B9-4916-B217-83F61D6E9EED}.Release|Any CPU.Build.0 = Release|Any CPU
	EndGlobalSection
	GlobalSection(SolutionProperties) = preSolution
		HideSolutionNode = FALSE
	EndGlobalSection
	GlobalSection(ExtensibilityGlobals) = postSolution
		SolutionGuid = {034ACE85-25BA-4B48-A32C-3A401919CC35}
	EndGlobalSection
EndGlobal
